{
    "version": 3,
    "terraform_version": "0.9.11",
    "serial": 2,
    "lineage": "c983869e-48a7-4c45-a072-3d1fa13b0188",
    "modules": [
        {
            "path": [
                "root"
            ],
            "outputs": {},
            "resources": {
                "aws_internet_gateway.internet_gateway": {
                    "type": "aws_internet_gateway",
                    "depends_on": [
                        "aws_vpc.mat_tech"
                    ],
                    "primary": {
                        "id": "igw-7a20751e",
                        "attributes": {
                            "id": "igw-7a20751e",
                            "tags.%": "0",
                            "vpc_id": "vpc-b8d378df"
                        },
                        "meta": {},
                        "tainted": false
                    },
                    "deposed": [],
                    "provider": ""
                },
                "aws_route_table.public_route_table": {
                    "type": "aws_route_table",
                    "depends_on": [
                        "aws_internet_gateway.internet_gateway",
                        "aws_vpc.mat_tech"
                    ],
                    "primary": {
                        "id": "rtb-05171a62",
                        "attributes": {
                            "id": "rtb-05171a62",
                            "propagating_vgws.#": "0",
                            "route.#": "1",
                            "route.695666335.cidr_block": "0.0.0.0/0",
                            "route.695666335.egress_only_gateway_id": "",
                            "route.695666335.gateway_id": "igw-7a20751e",
                            "route.695666335.instance_id": "",
                            "route.695666335.ipv6_cidr_block": "",
                            "route.695666335.nat_gateway_id": "",
                            "route.695666335.network_interface_id": "",
                            "route.695666335.vpc_peering_connection_id": "",
                            "tags.%": "1",
                            "tags.Name": "public subnet",
                            "vpc_id": "vpc-b8d378df"
                        },
                        "meta": {},
                        "tainted": false
                    },
                    "deposed": [],
                    "provider": ""
                },
                "aws_route_table_association.eu-west-1a-public": {
                    "type": "aws_route_table_association",
                    "depends_on": [
                        "aws_route_table.public_route_table",
                        "aws_subnet.public_subnet_a"
                    ],
                    "primary": {
                        "id": "rtbassoc-14240f72",
                        "attributes": {
                            "id": "rtbassoc-14240f72",
                            "route_table_id": "rtb-05171a62",
                            "subnet_id": "subnet-f34ba3a8"
                        },
                        "meta": {},
                        "tainted": false
                    },
                    "deposed": [],
                    "provider": ""
                },
                "aws_route_table_association.eu-west-1b-public": {
                    "type": "aws_route_table_association",
                    "depends_on": [
                        "aws_route_table.public_route_table",
                        "aws_subnet.public_subnet_b"
                    ],
                    "primary": {
                        "id": "rtbassoc-8c3b10ea",
                        "attributes": {
                            "id": "rtbassoc-8c3b10ea",
                            "route_table_id": "rtb-05171a62",
                            "subnet_id": "subnet-a104a8c6"
                        },
                        "meta": {},
                        "tainted": false
                    },
                    "deposed": [],
                    "provider": ""
                },
                "aws_route_table_association.eu-west-1c-public": {
                    "type": "aws_route_table_association",
                    "depends_on": [
                        "aws_route_table.public_route_table",
                        "aws_subnet.public_subnet_c"
                    ],
                    "primary": {
                        "id": "rtbassoc-dc250eba",
                        "attributes": {
                            "id": "rtbassoc-dc250eba",
                            "route_table_id": "rtb-05171a62",
                            "subnet_id": "subnet-ed0aa68a"
                        },
                        "meta": {},
                        "tainted": false
                    },
                    "deposed": [],
                    "provider": ""
                },
                "aws_subnet.public_subnet_a": {
                    "type": "aws_subnet",
                    "depends_on": [
                        "aws_vpc.mat_tech"
                    ],
                    "primary": {
                        "id": "subnet-f34ba3a8",
                        "attributes": {
                            "assign_ipv6_address_on_creation": "false",
                            "availability_zone": "eu-west-1a",
                            "cidr_block": "10.0.0.0/24",
                            "id": "subnet-f34ba3a8",
                            "map_public_ip_on_launch": "false",
                            "tags.%": "1",
                            "tags.Name": "public subnet",
                            "vpc_id": "vpc-b8d378df"
                        },
                        "meta": {
                            "schema_version": "1"
                        },
                        "tainted": false
                    },
                    "deposed": [],
                    "provider": ""
                },
                "aws_subnet.public_subnet_b": {
                    "type": "aws_subnet",
                    "depends_on": [
                        "aws_vpc.mat_tech"
                    ],
                    "primary": {
                        "id": "subnet-a104a8c6",
                        "attributes": {
                            "assign_ipv6_address_on_creation": "false",
                            "availability_zone": "eu-west-1b",
                            "cidr_block": "10.0.1.0/24",
                            "id": "subnet-a104a8c6",
                            "map_public_ip_on_launch": "false",
                            "tags.%": "1",
                            "tags.Name": "public subnet",
                            "vpc_id": "vpc-b8d378df"
                        },
                        "meta": {
                            "schema_version": "1"
                        },
                        "tainted": false
                    },
                    "deposed": [],
                    "provider": ""
                },
                "aws_subnet.public_subnet_c": {
                    "type": "aws_subnet",
                    "depends_on": [
                        "aws_vpc.mat_tech"
                    ],
                    "primary": {
                        "id": "subnet-ed0aa68a",
                        "attributes": {
                            "assign_ipv6_address_on_creation": "false",
                            "availability_zone": "eu-west-1b",
                            "cidr_block": "10.0.2.0/24",
                            "id": "subnet-ed0aa68a",
                            "map_public_ip_on_launch": "false",
                            "tags.%": "1",
                            "tags.Name": "public subnet",
                            "vpc_id": "vpc-b8d378df"
                        },
                        "meta": {
                            "schema_version": "1"
                        },
                        "tainted": false
                    },
                    "deposed": [],
                    "provider": ""
                },
                "aws_vpc.mat_tech": {
                    "type": "aws_vpc",
                    "depends_on": [],
                    "primary": {
                        "id": "vpc-b8d378df",
                        "attributes": {
                            "assign_generated_ipv6_cidr_block": "false",
                            "cidr_block": "10.0.0.0/16",
                            "default_network_acl_id": "acl-fd08739a",
                            "default_route_table_id": "rtb-896568ee",
                            "default_security_group_id": "sg-7a3fe902",
                            "dhcp_options_id": "dopt-74000610",
                            "enable_classiclink": "false",
                            "enable_dns_hostnames": "false",
                            "enable_dns_support": "true",
                            "id": "vpc-b8d378df",
                            "instance_tenancy": "default",
                            "main_route_table_id": "rtb-896568ee",
                            "tags.%": "1",
                            "tags.Name": "mat_tech_vpc"
                        },
                        "meta": {
                            "schema_version": "1"
                        },
                        "tainted": false
                    },
                    "deposed": [],
                    "provider": ""
                }
            },
            "depends_on": []
        }
    ]
}
